// !$*UTF8*$!
{
	archiveVersion = 1;
	classes = {
	};
	objectVersion = 48;
	objects = {

/* Begin PBXBuildFile section */
		6E3581AA201B93DE009294C0 /* Calculation.swift in Sources */ = {isa = PBXBuildFile; fileRef = 6E3581A9201B93DE009294C0 /* Calculation.swift */; };
		6E5A23A1201AD151008EB13F /* AppDelegate.swift in Sources */ = {isa = PBXBuildFile; fileRef = 6E5A23A0201AD151008EB13F /* AppDelegate.swift */; };
		6E5A23A3201AD151008EB13F /* ViewController.swift in Sources */ = {isa = PBXBuildFile; fileRef = 6E5A23A2201AD151008EB13F /* ViewController.swift */; };
		6E5A23A6201AD151008EB13F /* Main.storyboard in Resources */ = {isa = PBXBuildFile; fileRef = 6E5A23A4201AD151008EB13F /* Main.storyboard */; };
		6E5A23A8201AD151008EB13F /* Assets.xcassets in Resources */ = {isa = PBXBuildFile; fileRef = 6E5A23A7201AD151008EB13F /* Assets.xcassets */; };
		6E5A23AB201AD151008EB13F /* LaunchScreen.storyboard in Resources */ = {isa = PBXBuildFile; fileRef = 6E5A23A9201AD151008EB13F /* LaunchScreen.storyboard */; };
		6EFFA071201D4FA400C6EBFF /* UsefulEquations.pdf in Resources */ = {isa = PBXBuildFile; fileRef = 6EFFA06E201D4FA300C6EBFF /* UsefulEquations.pdf */; };
/* End PBXBuildFile section */

/* Begin PBXFileReference section */
		6E3581A9201B93DE009294C0 /* Calculation.swift */ = {isa = PBXFileReference; lastKnownFileType = sourcecode.swift; path = Calculation.swift; sourceTree = "<group>"; };
		6E5A239D201AD151008EB13F /* Location.app */ = {isa = PBXFileReference; explicitFileType = wrapper.application; includeInIndex = 0; path = Location.app; sourceTree = BUILT_PRODUCTS_DIR; };
		6E5A23A0201AD151008EB13F /* AppDelegate.swift */ = {isa = PBXFileReference; lastKnownFileType = sourcecode.swift; path = AppDelegate.swift; sourceTree = "<group>"; };
		6E5A23A2201AD151008EB13F /* ViewController.swift */ = {isa = PBXFileReference; lastKnownFileType = sourcecode.swift; path = ViewController.swift; sourceTree = "<group>"; };
		6E5A23A5201AD151008EB13F /* Base */ = {isa = PBXFileReference; lastKnownFileType = file.storyboard; name = Base; path = Base.lproj/Main.storyboard; sourceTree = "<group>"; };
		6E5A23A7201AD151008EB13F /* Assets.xcassets */ = {isa = PBXFileReference; lastKnownFileType = folder.assetcatalog; path = Assets.xcassets; sourceTree = "<group>"; };
		6E5A23AA201AD151008EB13F /* Base */ = {isa = PBXFileReference; lastKnownFileType = file.storyboard; name = Base; path = Base.lproj/LaunchScreen.storyboard; sourceTree = "<group>"; };
		6E5A23AC201AD151008EB13F /* Info.plist */ = {isa = PBXFileReference; lastKnownFileType = text.plist.xml; path = Info.plist; sourceTree = "<group>"; };
		6EFFA06E201D4FA300C6EBFF /* UsefulEquations.pdf */ = {isa = PBXFileReference; lastKnownFileType = image.pdf; path = UsefulEquations.pdf; sourceTree = SOURCE_ROOT; };
		6EFFA06F201D4FA300C6EBFF /* triangle.playground */ = {isa = PBXFileReference; lastKnownFileType = file.playground; path = triangle.playground; sourceTree = SOURCE_ROOT; };
		6EFFA070201D4FA300C6EBFF /* versionTwo.playground */ = {isa = PBXFileReference; lastKnownFileType = file.playground; path = versionTwo.playground; sourceTree = SOURCE_ROOT; };
/* End PBXFileReference section */

/* Begin PBXFrameworksBuildPhase section */
		6E5A239A201AD151008EB13F /* Frameworks */ = {
			isa = PBXFrameworksBuildPhase;
			buildActionMask = 2147483647;
			files = (
			);
			runOnlyForDeploymentPostprocessing = 0;
		};
/* End PBXFrameworksBuildPhase section */

/* Begin PBXGroup section */
		6E5A2394201AD151008EB13F = {
			isa = PBXGroup;
			children = (
				6E5A239F201AD151008EB13F /* Location */,
				6E5A239E201AD151008EB13F /* Products */,
			);
			sourceTree = "<group>";
		};
		6E5A239E201AD151008EB13F /* Products */ = {
			isa = PBXGroup;
			children = (
				6E5A239D201AD151008EB13F /* Location.app */,
			);
			name = Products;
			sourceTree = "<group>";
		};
		6E5A239F201AD151008EB13F /* Location */ = {
			isa = PBXGroup;
			children = (
				6E5A23A0201AD151008EB13F /* AppDelegate.swift */,
				6E5A23A2201AD151008EB13F /* ViewController.swift */,
				6E3581A9201B93DE009294C0 /* Calculation.swift */,
				6E5A23A4201AD151008EB13F /* Main.storyboard */,
				6E5A23A7201AD151008EB13F /* Assets.xcassets */,
				6E5A23A9201AD151008EB13F /* LaunchScreen.storyboard */,
				6E5A23AC201AD151008EB13F /* Info.plist */,
				6EFFA06F201D4FA300C6EBFF /* triangle.playground */,
				6EFFA06E201D4FA300C6EBFF /* UsefulEquations.pdf */,
				6EFFA070201D4FA300C6EBFF /* versionTwo.playground */,
			);
			path = Location;
			sourceTree = "<group>";
		};
/* End PBXGroup section */

/* Begin PBXNativeTarget section */
		6E5A239C201AD151008EB13F /* Location */ = {
			isa = PBXNativeTarget;
			buildConfigurationList = 6E5A23AF201AD151008EB13F /* Build configuration list for PBXNativeTarget "Location" */;
			buildPhases = (
				6E5A2399201AD151008EB13F /* Sources */,
				6E5A239A201AD151008EB13F /* Frameworks */,
				6E5A239B201AD151008EB13F /* Resources */,
			);
			buildRules = (
			);
			dependencies = (
			);
			name = Location;
			productName = Location;
			productReference = 6E5A239D201AD151008EB13F /* Location.app */;
			productType = "com.apple.product-type.application";
		};
/* End PBXNativeTarget section */

/* Begin PBXProject section */
		6E5A2395201AD151008EB13F /* Project object */ = {
			isa = PBXProject;
			attributes = {
				LastSwiftUpdateCheck = 0920;
				LastUpgradeCheck = 0920;
				ORGANIZATIONNAME = Caerus;
				TargetAttributes = {
					6E5A239C201AD151008EB13F = {
						CreatedOnToolsVersion = 9.2;
						ProvisioningStyle = Automatic;
					};
				};
			};
			buildConfigurationList = 6E5A2398201AD151008EB13F /* Build configuration list for PBXProject "Location" */;
			compatibilityVersion = "Xcode 8.0";
			developmentRegion = en;
			hasScannedForEncodings = 0;
			knownRegions = (
				en,
				Base,
			);
			mainGroup = 6E5A2394201AD151008EB13F;
			productRefGroup = 6E5A239E201AD151008EB13F /* Products */;
			projectDirPath = "";
			projectRoot = "";
			targets = (
				6E5A239C201AD151008EB13F /* Location */,
			);
		};
/* End PBXProject section */

/* Begin PBXResourcesBuildPhase section */
		6E5A239B201AD151008EB13F /* Resources */ = {
			isa = PBXResourcesBuildPhase;
			buildActionMask = 2147483647;
			files = (
				6EFFA071201D4FA400C6EBFF /* UsefulEquations.pdf in Resources */,
				6E5A23AB201AD151008EB13F /* LaunchScreen.storyboard in Resources */,
				6E5A23A8201AD151008EB13F /* Assets.xcassets in Resources */,
				6E5A23A6201AD151008EB13F /* Main.storyboard in Resources */,
			);
			runOnlyForDeploymentPostprocessing = 0;
		};
/* End PBXResourcesBuildPhase section */

/* Begin PBXSourcesBuildPhase section */
		6E5A2399201AD151008EB13F /* Sources */ = {
			isa = PBXSourcesBuildPhase;
			buildActionMask = 2147483647;
			files = (
				6E5A23A3201AD151008EB13F /* ViewController.swift in Sources */,
				6E3581AA201B93DE009294C0 /* Calculation.swift in Sources */,
				6E5A23A1201AD151008EB13F /* AppDelegate.swift in Sources */,
			);
			runOnlyForDeploymentPostprocessing = 0;
		};
/* End PBXSourcesBuildPhase section */

/* Begin PBXVariantGroup section */
		6E5A23A4201AD151008EB13F /* Main.storyboard */ = {
			isa = PBXVariantGroup;
			children = (
				6E5A23A5201AD151008EB13F /* Base */,
			);
			name = Main.storyboard;
			sourceTree = "<group>";
		};
		6E5A23A9201AD151008EB13F /* LaunchScreen.storyboard */ = {
			isa = PBXVariantGroup;
			children = (
				6E5A23AA201AD151008EB13F /* Base */,
			);
			name = LaunchScreen.storyboard;
			sourceTree = "<group>";
		};
/* End PBXVariantGroup section */

/* Begin XCBuildConfiguration section */
		6E5A23AD201AD151008EB13F /* Debug */ = {
			isa = XCBuildConfiguration;
			buildSettings = {
				ALWAYS_SEARCH_USER_PATHS = NO;
				CLANG_ANALYZER_NONNULL = YES;
				CLANG_ANALYZER_NUMBER_OBJECT_CONVERSION = YES_AGGRESSIVE;
				CLANG_CXX_LANGUAGE_STANDARD = "gnu++14";
				CLANG_CXX_LIBRARY = "libc++";
				CLANG_ENABLE_MODULES = YES;
				CLANG_ENABLE_OBJC_ARC = YES;
				CLANG_WARN_BLOCK_CAPTURE_AUTORELEASING = YES;
				CLANG_WARN_BOOL_CONVERSION = YES;
				CLANG_WARN_COMMA = YES;
				CLANG_WARN_CONSTANT_CONVERSION = YES;
				CLANG_WARN_DIRECT_OBJC_ISA_USAGE = YES_ERROR;
				CLANG_WARN_DOCUMENTATION_COMMENTS = YES;
				CLANG_WARN_EMPTY_BODY = YES;
				CLANG_WARN_ENUM_CONVERSION = YES;
				CLANG_WARN_INFINITE_RECURSION = YES;
				CLANG_WARN_INT_CONVERSION = YES;
				CLANG_WARN_NON_LITERAL_NULL_CONVERSION = YES;
				CLANG_WARN_OBJC_LITERAL_CONVERSION = YES;
				CLANG_WARN_OBJC_ROOT_CLASS = YES_ERROR;
				CLANG_WARN_RANGE_LOOP_ANALYSIS = YES;
				CLANG_WARN_STRICT_PROTOTYPES = YES;
				CLANG_WARN_SUSPICIOUS_MOVE = YES;
				CLANG_WARN_UNGUARDED_AVAILABILITY = YES_AGGRESSIVE;
				CLANG_WARN_UNREACHABLE_CODE = YES;
				CLANG_WARN__DUPLICATE_METHOD_MATCH = YES;
				CODE_SIGN_IDENTITY = "iPhone Developer";
				COPY_PHASE_STRIP = NO;
				DEBUG_INFORMATION_FORMAT = dwarf;
				ENABLE_STRICT_OBJC_MSGSEND = YES;
				ENABLE_TESTABILITY = YES;
				GCC_C_LANGUAGE_STANDARD = gnu11;
				GCC_DYNAMIC_NO_PIC = NO;
				GCC_NO_COMMON_BLOCKS = YES;
				GCC_OPTIMIZATION_LEVEL = 0;
				GCC_PREPROCESSOR_DEFINITIONS = (
					"DEBUG=1",
					"$(inherited)",
				);
				GCC_WARN_64_TO_32_BIT_CONVERSION = YES;
				GCC_WARN_ABOUT_RETURN_TYPE = YES_ERROR;
				GCC_WARN_UNDECLARED_SELECTOR = YES;
				GCC_WARN_UNINITIALIZED_AUTOS = YES_AGGRESSIVE;
				GCC_WARN_UNUSED_FUNCTION = YES;
				GCC_WARN_UNUSED_VARIABLE = YES;
				IPHONEOS_DEPLOYMENT_TARGET = 11.2;
				MTL_ENABLE_DEBUG_INFO = YES;
				ONLY_ACTIVE_ARCH = YES;
				SDKROOT = iphoneos;
				SWIFT_ACTIVE_COMPILATION_CONDITIONS = DEBUG;
				SWIFT_OPTIMIZATION_LEVEL = "-Onone";
			};
			name = Debug;
		};
		6E5A23AE201AD151008EB13F /* Release */ = {
			isa = XCBuildConfiguration;
			buildSettings = {
				ALWAYS_SEARCH_USER_PATHS = NO;
				CLANG_ANALYZER_NONNULL = YES;
				CLANG_ANALYZER_NUMBER_OBJECT_CONVERSION = YES_AGGRESSIVE;
				CLANG_CXX_LANGUAGE_STANDARD = "gnu++14";
				CLANG_CXX_LIBRARY = "libc++";
				CLANG_ENABLE_MODULES = YES;
				CLANG_ENABLE_OBJC_ARC = YES;
				CLANG_WARN_BLOCK_CAPTURE_AUTORELEASING = YES;
				CLANG_WARN_BOOL_CONVERSION = YES;
				CLANG_WARN_COMMA = YES;
				CLANG_WARN_CONSTANT_CONVERSION = YES;
				CLANG_WARN_DIRECT_OBJC_ISA_USAGE = YES_ERROR;
				CLANG_WARN_DOCUMENTATION_COMMENTS = YES;
				CLANG_WARN_EMPTY_BODY = YES;
				CLANG_WARN_ENUM_CONVERSION = YES;
				CLANG_WARN_INFINITE_RECURSION = YES;
				CLANG_WARN_INT_CONVERSION = YES;
				CLANG_WARN_NON_LITERAL_NULL_CONVERSION = YES;
				CLANG_WARN_OBJC_LITERAL_CONVERSION = YES;
				CLANG_WARN_OBJC_ROOT_CLASS = YES_ERROR;
				CLANG_WARN_RANGE_LOOP_ANALYSIS = YES;
				CLANG_WARN_STRICT_PROTOTYPES = YES;
				CLANG_WARN_SUSPICIOUS_MOVE = YES;
				CLANG_WARN_UNGUARDED_AVAILABILITY = YES_AGGRESSIVE;
				CLANG_WARN_UNREACHABLE_CODE = YES;
				CLANG_WARN__DUPLICATE_METHOD_MATCH = YES;
				CODE_SIGN_IDENTITY = "iPhone Developer";
				COPY_PHASE_STRIP = NO;
				DEBUG_INFORMATION_FORMAT = "dwarf-with-dsym";
				ENABLE_NS_ASSERTIONS = NO;
				ENABLE_STRICT_OBJC_MSGSEND = YES;
				GCC_C_LANGUAGE_STANDARD = gnu11;
				GCC_NO_COMMON_BLOCKS = YES;
				GCC_WARN_64_TO_32_BIT_CONVERSION = YES;
				GCC_WARN_ABOUT_RETURN_TYPE = YES_ERROR;
				GCC_WARN_UNDECLARED_SELECTOR = YES;
				GCC_WARN_UNINITIALIZED_AUTOS = YES_AGGRESSIVE;
				GCC_WARN_UNUSED_FUNCTION = YES;
				GCC_WARN_UNUSED_VARIABLE = YES;
				IPHONEOS_DEPLOYMENT_TARGET = 11.2;
				MTL_ENABLE_DEBUG_INFO = NO;
				SDKROOT = iphoneos;
				SWIFT_OPTIMIZATION_LEVEL = "-Owholemodule";
				VALIDATE_PRODUCT = YES;
			};
			name = Release;
		};
		6E5A23B0201AD151008EB13F /* Debug */ = {
			isa = XCBuildConfiguration;
			buildSettings = {
				ASSETCATALOG_COMPILER_APPICON_NAME = AppIcon;
				CODE_SIGN_STYLE = Automatic;
				DEVELOPMENT_TEAM = KG653N5ES4;
				INFOPLIST_FILE = Location/Info.plist;
				LD_RUNPATH_SEARCH_PATHS = "$(inherited) @executable_path/Frameworks";
				PRODUCT_BUNDLE_IDENTIFIER = Caerus.Location;
				PRODUCT_NAME = "$(TARGET_NAME)";
				SWIFT_VERSION = 4.0;
				TARGETED_DEVICE_FAMILY = "1,2";
			};
			name = Debug;
		};
		6E5A23B1201AD151008EB13F /* Release */ = {
			isa = XCBuildConfiguration;
			buildSettings = {
				ASSETCATALOG_COMPILER_APPICON_NAME = AppIcon;
				CODE_SIGN_STYLE = Automatic;
				DEVELOPMENT_TEAM = KG653N5ES4;
				INFOPLIST_FILE = Location/Info.plist;
				LD_RUNPATH_SEARCH_PATHS = "$(inherited) @executable_path/Frameworks";
				PRODUCT_BUNDLE_IDENTIFIER = Caerus.Location;
				PRODUCT_NAME = "$(TARGET_NAME)";
				SWIFT_VERSION = 4.0;
				TARGETED_DEVICE_FAMILY = "1,2";
			};
			name = Release;
		};
/* End XCBuildConfiguration section */

/* Begin XCConfigurationList section */
		6E5A2398201AD151008EB13F /* Build configuration list for PBXProject "Location" */ = {
			isa = XCConfigurationList;
			buildConfigurations = (
				6E5A23AD201AD151008EB13F /* Debug */,
				6E5A23AE201AD151008EB13F /* Release */,
			);
			defaultConfigurationIsVisible = 0;
			defaultConfigurationName = Release;
		};
		6E5A23AF201AD151008EB13F /* Build configuration list for PBXNativeTarget "Location" */ = {
			isa = XCConfigurationList;
			buildConfigurations = (
				6E5A23B0201AD151008EB13F /* Debug */,
				6E5A23B1201AD151008EB13F /* Release */,
			);
			defaultConfigurationIsVisible = 0;
			defaultConfigurationName = Release;
		};
/* End XCConfigurationList section */
	};
	rootObject = 6E5A2395201AD151008EB13F /* Project object */;
}
